
Microsoft Visual Studio Solution File, Format Version 12.00
# Visual Studio 15
VisualStudioVersion = 15.0.28307.1401
MinimumVisualStudioVersion = 10.0.40219.1
Project("{FAE04EC0-301F-11D3-BF4B-00C04F79EFBC}") = "Link.Math.Sqlite", "Link.Math.Sqlite\Link.Math.Sqlite.csproj", "{2B71184C-111A-4A3E-A37E-B8DBC374A373}"
EndProject
Project("{FAE04EC0-301F-11D3-BF4B-00C04F79EFBC}") = "Link.Math.Sqlite.Tests", "Link.Math.Sqlite.Tests\Link.Math.Sqlite.Tests.csproj", "{B25EBFED-1284-4855-88F1-0817374A313D}"
EndProject
Global
	GlobalSection(SolutionConfigurationPlatforms) = preSolution
		Debug|Any CPU = Debug|Any CPU
		Release|Any CPU = Release|Any CPU
	EndGlobalSection
	GlobalSection(ProjectConfigurationPlatforms) = postSolution
		{2B71184C-111A-4A3E-A37E-B8DBC374A373}.Debug|Any CPU.ActiveCfg = Debug|Any CPU
		{2B71184C-111A-4A3E-A37E-B8DBC374A373}.Debug|Any CPU.Build.0 = Debug|Any CPU
		{2B71184C-111A-4A3E-A37E-B8DBC374A373}.Release|Any CPU.ActiveCfg = Release|Any CPU
		{2B71184C-111A-4A3E-A37E-B8DBC374A373}.Release|Any CPU.Build.0 = Release|Any CPU
		{B25EBFED-1284-4855-88F1-0817374A313D}.Debug|Any CPU.ActiveCfg = Debug|Any CPU
		{B25EBFED-1284-4855-88F1-0817374A313D}.Debug|Any CPU.Build.0 = Debug|Any CPU
		{B25EBFED-1284-4855-88F1-0817374A313D}.Release|Any CPU.ActiveCfg = Release|Any CPU
		{B25EBFED-1284-4855-88F1-0817374A313D}.Release|Any CPU.Build.0 = Release|Any CPU
	EndGlobalSection
	GlobalSection(SolutionProperties) = preSolution
		HideSolutionNode = FALSE
	EndGlobalSection
	GlobalSection(ExtensibilityGlobals) = postSolution
		SolutionGuid = {BD1F901A-2CAA-426B-938D-07B3693CAA6D}
	EndGlobalSection
EndGlobal
